// !$*UTF8*$!
{
	archiveVersion = 1;
	classes = {
	};
	objectVersion = 46;
	objects = {

/* Begin PBXBuildFile section */
		C082E0211B1EA0AC00B46F4E /* main.m in Sources */ = {isa = PBXBuildFile; fileRef = C082E0201B1EA0AC00B46F4E /* main.m */; };
		C082E0241B1EA0AC00B46F4E /* AppDelegate.m in Sources */ = {isa = PBXBuildFile; fileRef = C082E0231B1EA0AC00B46F4E /* AppDelegate.m */; };
		C082E0271B1EA0AC00B46F4E /* ViewController.m in Sources */ = {isa = PBXBuildFile; fileRef = C082E0261B1EA0AC00B46F4E /* ViewController.m */; };
		C082E02A1B1EA0AC00B46F4E /* Main.storyboard in Resources */ = {isa = PBXBuildFile; fileRef = C082E0281B1EA0AC00B46F4E /* Main.storyboard */; };
		C082E02C1B1EA0AC00B46F4E /* Images.xcassets in Resources */ = {isa = PBXBuildFile; fileRef = C082E02B1B1EA0AC00B46F4E /* Images.xcassets */; };
		C082E02F1B1EA0AC00B46F4E /* LaunchScreen.xib in Resources */ = {isa = PBXBuildFile; fileRef = C082E02D1B1EA0AC00B46F4E /* LaunchScreen.xib */; };
		C082E03B1B1EA0AC00B46F4E /* DrawShapesTests.m in Sources */ = {isa = PBXBuildFile; fileRef = C082E03A1B1EA0AC00B46F4E /* DrawShapesTests.m */; };
/* End PBXBuildFile section */

/* Begin PBXContainerItemProxy section */
		C082E0351B1EA0AC00B46F4E /* PBXContainerItemProxy */ = {
			isa = PBXContainerItemProxy;
			containerPortal = C082E0131B1EA0AC00B46F4E /* Project object */;
			proxyType = 1;
			remoteGlobalIDString = C082E01A1B1EA0AC00B46F4E;
			remoteInfo = DrawShapes;
		};
/* End PBXContainerItemProxy section */

/* Begin PBXFileReference section */
		C082E01B1B1EA0AC00B46F4E /* DrawShapes.app */ = {isa = PBXFileReference; explicitFileType = wrapper.application; includeInIndex = 0; path = DrawShapes.app; sourceTree = BUILT_PRODUCTS_DIR; };
		C082E01F1B1EA0AC00B46F4E /* Info.plist */ = {isa = PBXFileReference; lastKnownFileType = text.plist.xml; path = Info.plist; sourceTree = "<group>"; };
		C082E0201B1EA0AC00B46F4E /* main.m */ = {isa = PBXFileReference; lastKnownFileType = sourcecode.c.objc; path = main.m; sourceTree = "<group>"; };
		C082E0221B1EA0AC00B46F4E /* AppDelegate.h */ = {isa = PBXFileReference; lastKnownFileType = sourcecode.c.h; path = AppDelegate.h; sourceTree = "<group>"; };
		C082E0231B1EA0AC00B46F4E /* AppDelegate.m */ = {isa = PBXFileReference; lastKnownFileType = sourcecode.c.objc; path = AppDelegate.m; sourceTree = "<group>"; };
		C082E0251B1EA0AC00B46F4E /* ViewController.h */ = {isa = PBXFileReference; lastKnownFileType = sourcecode.c.h; path = ViewController.h; sourceTree = "<group>"; };
		C082E0261B1EA0AC00B46F4E /* ViewController.m */ = {isa = PBXFileReference; lastKnownFileType = sourcecode.c.objc; path = ViewController.m; sourceTree = "<group>"; };
		C082E0291B1EA0AC00B46F4E /* Base */ = {isa = PBXFileReference; lastKnownFileType = file.storyboard; name = Base; path = Base.lproj/Main.storyboard; sourceTree = "<group>"; };
		C082E02B1B1EA0AC00B46F4E /* Images.xcassets */ = {isa = PBXFileReference; lastKnownFileType = folder.assetcatalog; path = Images.xcassets; sourceTree = "<group>"; };
		C082E02E1B1EA0AC00B46F4E /* Base */ = {isa = PBXFileReference; lastKnownFileType = file.xib; name = Base; path = Base.lproj/LaunchScreen.xib; sourceTree = "<group>"; };
		C082E0341B1EA0AC00B46F4E /* DrawShapesTests.xctest */ = {isa = PBXFileReference; explicitFileType = wrapper.cfbundle; includeInIndex = 0; path = DrawShapesTests.xctest; sourceTree = BUILT_PRODUCTS_DIR; };
		C082E0391B1EA0AC00B46F4E /* Info.plist */ = {isa = PBXFileReference; lastKnownFileType = text.plist.xml; path = Info.plist; sourceTree = "<group>"; };
		C082E03A1B1EA0AC00B46F4E /* DrawShapesTests.m */ = {isa = PBXFileReference; lastKnownFileType = sourcecode.c.objc; path = DrawShapesTests.m; sourceTree = "<group>"; };
/* End PBXFileReference section */

/* Begin PBXFrameworksBuildPhase section */
		C082E0181B1EA0AC00B46F4E /* Frameworks */ = {
			isa = PBXFrameworksBuildPhase;
			buildActionMask = 2147483647;
			files = (
			);
			runOnlyForDeploymentPostprocessing = 0;
		};
		C082E0311B1EA0AC00B46F4E /* Frameworks */ = {
			isa = PBXFrameworksBuildPhase;
			buildActionMask = 2147483647;
			files = (
			);
			runOnlyForDeploymentPostprocessing = 0;
		};
/* End PBXFrameworksBuildPhase section */

/* Begin PBXGroup section */
		C082E0121B1EA0AC00B46F4E = {
			isa = PBXGroup;
			children = (
				C082E01D1B1EA0AC00B46F4E /* DrawShapes */,
				C082E0371B1EA0AC00B46F4E /* DrawShapesTests */,
				C082E01C1B1EA0AC00B46F4E /* Products */,
			);
			sourceTree = "<group>";
		};
		C082E01C1B1EA0AC00B46F4E /* Products */ = {
			isa = PBXGroup;
			children = (
				C082E01B1B1EA0AC00B46F4E /* DrawShapes.app */,
				C082E0341B1EA0AC00B46F4E /* DrawShapesTests.xctest */,
			);
			name = Products;
			sourceTree = "<group>";
		};
		C082E01D1B1EA0AC00B46F4E /* DrawShapes */ = {
			isa = PBXGroup;
			children = (
				C082E0221B1EA0AC00B46F4E /* AppDelegate.h */,
				C082E0231B1EA0AC00B46F4E /* AppDelegate.m */,
				C082E0251B1EA0AC00B46F4E /* ViewController.h */,
				C082E0261B1EA0AC00B46F4E /* ViewController.m */,
				C082E0281B1EA0AC00B46F4E /* Main.storyboard */,
				C082E02B1B1EA0AC00B46F4E /* Images.xcassets */,
				C082E02D1B1EA0AC00B46F4E /* LaunchScreen.xib */,
				C082E01E1B1EA0AC00B46F4E /* Supporting Files */,
			);
			path = DrawShapes;
			sourceTree = "<group>";
		};
		C082E01E1B1EA0AC00B46F4E /* Supporting Files */ = {
			isa = PBXGroup;
			children = (
				C082E01F1B1EA0AC00B46F4E /* Info.plist */,
				C082E0201B1EA0AC00B46F4E /* main.m */,
			);
			name = "Supporting Files";
			sourceTree = "<group>";
		};
		C082E0371B1EA0AC00B46F4E /* DrawShapesTests */ = {
			isa = PBXGroup;
			children = (
				C082E03A1B1EA0AC00B46F4E /* DrawShapesTests.m */,
				C082E0381B1EA0AC00B46F4E /* Supporting Files */,
			);
			path = DrawShapesTests;
			sourceTree = "<group>";
		};
		C082E0381B1EA0AC00B46F4E /* Supporting Files */ = {
			isa = PBXGroup;
			children = (
				C082E0391B1EA0AC00B46F4E /* Info.plist */,
			);
			name = "Supporting Files";
			sourceTree = "<group>";
		};
/* End PBXGroup section */

/* Begin PBXNativeTarget section */
		C082E01A1B1EA0AC00B46F4E /* DrawShapes */ = {
			isa = PBXNativeTarget;
			buildConfigurationList = C082E03E1B1EA0AC00B46F4E /* Build configuration list for PBXNativeTarget "DrawShapes" */;
			buildPhases = (
				C082E0171B1EA0AC00B46F4E /* Sources */,
				C082E0181B1EA0AC00B46F4E /* Frameworks */,
				C082E0191B1EA0AC00B46F4E /* Resources */,
			);
			buildRules = (
			);
			dependencies = (
			);
			name = DrawShapes;
			productName = DrawShapes;
			productReference = C082E01B1B1EA0AC00B46F4E /* DrawShapes.app */;
			productType = "com.apple.product-type.application";
		};
		C082E0331B1EA0AC00B46F4E /* DrawShapesTests */ = {
			isa = PBXNativeTarget;
			buildConfigurationList = C082E0411B1EA0AC00B46F4E /* Build configuration list for PBXNativeTarget "DrawShapesTests" */;
			buildPhases = (
				C082E0301B1EA0AC00B46F4E /* Sources */,
				C082E0311B1EA0AC00B46F4E /* Frameworks */,
				C082E0321B1EA0AC00B46F4E /* Resources */,
			);
			buildRules = (
			);
			dependencies = (
				C082E0361B1EA0AC00B46F4E /* PBXTargetDependency */,
			);
			name = DrawShapesTests;
			productName = DrawShapesTests;
			productReference = C082E0341B1EA0AC00B46F4E /* DrawShapesTests.xctest */;
			productType = "com.apple.product-type.bundle.unit-test";
		};
/* End PBXNativeTarget section */

/* Begin PBXProject section */
		C082E0131B1EA0AC00B46F4E /* Project object */ = {
			isa = PBXProject;
			attributes = {
				LastUpgradeCheck = 0630;
				ORGANIZATIONNAME = "Parker Kirby";
				TargetAttributes = {
					C082E01A1B1EA0AC00B46F4E = {
						CreatedOnToolsVersion = 6.3.2;
					};
					C082E0331B1EA0AC00B46F4E = {
						CreatedOnToolsVersion = 6.3.2;
						TestTargetID = C082E01A1B1EA0AC00B46F4E;
					};
				};
			};
			buildConfigurationList = C082E0161B1EA0AC00B46F4E /* Build configuration list for PBXProject "DrawShapes" */;
			compatibilityVersion = "Xcode 3.2";
			developmentRegion = English;
			hasScannedForEncodings = 0;
			knownRegions = (
				en,
				Base,
			);
			mainGroup = C082E0121B1EA0AC00B46F4E;
			productRefGroup = C082E01C1B1EA0AC00B46F4E /* Products */;
			projectDirPath = "";
			projectRoot = "";
			targets = (
				C082E01A1B1EA0AC00B46F4E /* DrawShapes */,
				C082E0331B1EA0AC00B46F4E /* DrawShapesTests */,
			);
		};
/* End PBXProject section */

/* Begin PBXResourcesBuildPhase section */
		C082E0191B1EA0AC00B46F4E /* Resources */ = {
			isa = PBXResourcesBuildPhase;
			buildActionMask = 2147483647;
			files = (
				C082E02A1B1EA0AC00B46F4E /* Main.storyboard in Resources */,
				C082E02F1B1EA0AC00B46F4E /* LaunchScreen.xib in Resources */,
				C082E02C1B1EA0AC00B46F4E /* Images.xcassets in Resources */,
			);
			runOnlyForDeploymentPostprocessing = 0;
		};
		C082E0321B1EA0AC00B46F4E /* Resources */ = {
			isa = PBXResourcesBuildPhase;
			buildActionMask = 2147483647;
			files = (
			);
			runOnlyForDeploymentPostprocessing = 0;
		};
/* End PBXResourcesBuildPhase section */

/* Begin PBXSourcesBuildPhase section */
		C082E0171B1EA0AC00B46F4E /* Sources */ = {
			isa = PBXSourcesBuildPhase;
			buildActionMask = 2147483647;
			files = (
				C082E0271B1EA0AC00B46F4E /* ViewController.m in Sources */,
				C082E0241B1EA0AC00B46F4E /* AppDelegate.m in Sources */,
				C082E0211B1EA0AC00B46F4E /* main.m in Sources */,
			);
			runOnlyForDeploymentPostprocessing = 0;
		};
		C082E0301B1EA0AC00B46F4E /* Sources */ = {
			isa = PBXSourcesBuildPhase;
			buildActionMask = 2147483647;
			files = (
				C082E03B1B1EA0AC00B46F4E /* DrawShapesTests.m in Sources */,
			);
			runOnlyForDeploymentPostprocessing = 0;
		};
/* End PBXSourcesBuildPhase section */

/* Begin PBXTargetDependency section */
		C082E0361B1EA0AC00B46F4E /* PBXTargetDependency */ = {
			isa = PBXTargetDependency;
			target = C082E01A1B1EA0AC00B46F4E /* DrawShapes */;
			targetProxy = C082E0351B1EA0AC00B46F4E /* PBXContainerItemProxy */;
		};
/* End PBXTargetDependency section */

/* Begin PBXVariantGroup section */
		C082E0281B1EA0AC00B46F4E /* Main.storyboard */ = {
			isa = PBXVariantGroup;
			children = (
				C082E0291B1EA0AC00B46F4E /* Base */,
			);
			name = Main.storyboard;
			sourceTree = "<group>";
		};
		C082E02D1B1EA0AC00B46F4E /* LaunchScreen.xib */ = {
			isa = PBXVariantGroup;
			children = (
				C082E02E1B1EA0AC00B46F4E /* Base */,
			);
			name = LaunchScreen.xib;
			sourceTree = "<group>";
		};
/* End PBXVariantGroup section */

/* Begin XCBuildConfiguration section */
		C082E03C1B1EA0AC00B46F4E /* Debug */ = {
			isa = XCBuildConfiguration;
			buildSettings = {
				ALWAYS_SEARCH_USER_PATHS = NO;
				CLANG_CXX_LANGUAGE_STANDARD = "gnu++0x";
				CLANG_CXX_LIBRARY = "libc++";
				CLANG_ENABLE_MODULES = YES;
				CLANG_ENABLE_OBJC_ARC = YES;
				CLANG_WARN_BOOL_CONVERSION = YES;
				CLANG_WARN_CONSTANT_CONVERSION = YES;
				CLANG_WARN_DIRECT_OBJC_ISA_USAGE = YES_ERROR;
				CLANG_WARN_EMPTY_BODY = YES;
				CLANG_WARN_ENUM_CONVERSION = YES;
				CLANG_WARN_INT_CONVERSION = YES;
				CLANG_WARN_OBJC_ROOT_CLASS = YES_ERROR;
				CLANG_WARN_UNREACHABLE_CODE = YES;
				CLANG_WARN__DUPLICATE_METHOD_MATCH = YES;
				"CODE_SIGN_IDENTITY[sdk=iphoneos*]" = "iPhone Developer";
				COPY_PHASE_STRIP = NO;
				DEBUG_INFORMATION_FORMAT = "dwarf-with-dsym";
				ENABLE_STRICT_OBJC_MSGSEND = YES;
				GCC_C_LANGUAGE_STANDARD = gnu99;
				GCC_DYNAMIC_NO_PIC = NO;
				GCC_NO_COMMON_BLOCKS = YES;
				GCC_OPTIMIZATION_LEVEL = 0;
				GCC_PREPROCESSOR_DEFINITIONS = (
					"DEBUG=1",
					"$(inherited)",
				);
				GCC_SYMBOLS_PRIVATE_EXTERN = NO;
				GCC_WARN_64_TO_32_BIT_CONVERSION = YES;
				GCC_WARN_ABOUT_RETURN_TYPE = YES_ERROR;
				GCC_WARN_UNDECLARED_SELECTOR = YES;
				GCC_WARN_UNINITIALIZED_AUTOS = YES_AGGRESSIVE;
				GCC_WARN_UNUSED_FUNCTION = YES;
				GCC_WARN_UNUSED_VARIABLE = YES;
				IPHONEOS_DEPLOYMENT_TARGET = 8.3;
				MTL_ENABLE_DEBUG_INFO = YES;
				ONLY_ACTIVE_ARCH = YES;
				SDKROOT = iphoneos;
			};
			name = Debug;
		};
		C082E03D1B1EA0AC00B46F4E /* Release */ = {
			isa = XCBuildConfiguration;
			buildSettings = {
				ALWAYS_SEARCH_USER_PATHS = NO;
				CLANG_CXX_LANGUAGE_STANDARD = "gnu++0x";
				CLANG_CXX_LIBRARY = "libc++";
				CLANG_ENABLE_MODULES = YES;
				CLANG_ENABLE_OBJC_ARC = YES;
				CLANG_WARN_BOOL_CONVERSION = YES;
				CLANG_WARN_CONSTANT_CONVERSION = YES;
				CLANG_WARN_DIRECT_OBJC_ISA_USAGE = YES_ERROR;
				CLANG_WARN_EMPTY_BODY = YES;
				CLANG_WARN_ENUM_CONVERSION = YES;
				CLANG_WARN_INT_CONVERSION = YES;
				CLANG_WARN_OBJC_ROOT_CLASS = YES_ERROR;
				CLANG_WARN_UNREACHABLE_CODE = YES;
				CLANG_WARN__DUPLICATE_METHOD_MATCH = YES;
				"CODE_SIGN_IDENTITY[sdk=iphoneos*]" = "iPhone Developer";
				COPY_PHASE_STRIP = NO;
				DEBUG_INFORMATION_FORMAT = "dwarf-with-dsym";
				ENABLE_NS_ASSERTIONS = NO;
				ENABLE_STRICT_OBJC_MSGSEND = YES;
				GCC_C_LANGUAGE_STANDARD = gnu99;
				GCC_NO_COMMON_BLOCKS = YES;
				GCC_WARN_64_TO_32_BIT_CONVERSION = YES;
				GCC_WARN_ABOUT_RETURN_TYPE = YES_ERROR;
				GCC_WARN_UNDECLARED_SELECTOR = YES;
				GCC_WARN_UNINITIALIZED_AUTOS = YES_AGGRESSIVE;
				GCC_WARN_UNUSED_FUNCTION = YES;
				GCC_WARN_UNUSED_VARIABLE = YES;
				IPHONEOS_DEPLOYMENT_TARGET = 8.3;
				MTL_ENABLE_DEBUG_INFO = NO;
				SDKROOT = iphoneos;
				VALIDATE_PRODUCT = YES;
			};
			name = Release;
		};
		C082E03F1B1EA0AC00B46F4E /* Debug */ = {
			isa = XCBuildConfiguration;
			buildSettings = {
				ASSETCATALOG_COMPILER_APPICON_NAME = AppIcon;
				INFOPLIST_FILE = DrawShapes/Info.plist;
				LD_RUNPATH_SEARCH_PATHS = "$(inherited) @executable_path/Frameworks";
				PRODUCT_NAME = "$(TARGET_NAME)";
			};
			name = Debug;
		};
		C082E0401B1EA0AC00B46F4E /* Release */ = {
			isa = XCBuildConfiguration;
			buildSettings = {
				ASSETCATALOG_COMPILER_APPICON_NAME = AppIcon;
				INFOPLIST_FILE = DrawShapes/Info.plist;
				LD_RUNPATH_SEARCH_PATHS = "$(inherited) @executable_path/Frameworks";
				PRODUCT_NAME = "$(TARGET_NAME)";
			};
			name = Release;
		};
		C082E0421B1EA0AC00B46F4E /* Debug */ = {
			isa = XCBuildConfiguration;
			buildSettings = {
				BUNDLE_LOADER = "$(TEST_HOST)";
				FRAMEWORK_SEARCH_PATHS = (
					"$(SDKROOT)/Developer/Library/Frameworks",
					"$(inherited)",
				);
				GCC_PREPROCESSOR_DEFINITIONS = (
					"DEBUG=1",
					"$(inherited)",
				);
				INFOPLIST_FILE = DrawShapesTests/Info.plist;
				LD_RUNPATH_SEARCH_PATHS = "$(inherited) @executable_path/Frameworks @loader_path/Frameworks";
				PRODUCT_NAME = "$(TARGET_NAME)";
				TEST_HOST = "$(BUILT_PRODUCTS_DIR)/DrawShapes.app/DrawShapes";
			};
			name = Debug;
		};
		C082E0431B1EA0AC00B46F4E /* Release */ = {
			isa = XCBuildConfiguration;
			buildSettings = {
				BUNDLE_LOADER = "$(TEST_HOST)";
				FRAMEWORK_SEARCH_PATHS = (
					"$(SDKROOT)/Developer/Library/Frameworks",
					"$(inherited)",
				);
				INFOPLIST_FILE = DrawShapesTests/Info.plist;
				LD_RUNPATH_SEARCH_PATHS = "$(inherited) @executable_path/Frameworks @loader_path/Frameworks";
				PRODUCT_NAME = "$(TARGET_NAME)";
				TEST_HOST = "$(BUILT_PRODUCTS_DIR)/DrawShapes.app/DrawShapes";
			};
			name = Release;
		};
/* End XCBuildConfiguration section */

/* Begin XCConfigurationList section */
		C082E0161B1EA0AC00B46F4E /* Build configuration list for PBXProject "DrawShapes" */ = {
			isa = XCConfigurationList;
			buildConfigurations = (
				C082E03C1B1EA0AC00B46F4E /* Debug */,
				C082E03D1B1EA0AC00B46F4E /* Release */,
			);
			defaultConfigurationIsVisible = 0;
			defaultConfigurationName = Release;
		};
		C082E03E1B1EA0AC00B46F4E /* Build configuration list for PBXNativeTarget "DrawShapes" */ = {
			isa = XCConfigurationList;
			buildConfigurations = (
				C082E03F1B1EA0AC00B46F4E /* Debug */,
				C082E0401B1EA0AC00B46F4E /* Release */,
			);
			defaultConfigurationIsVisible = 0;
		};
		C082E0411B1EA0AC00B46F4E /* Build configuration list for PBXNativeTarget "DrawShapesTests" */ = {
			isa = XCConfigurationList;
			buildConfigurations = (
				C082E0421B1EA0AC00B46F4E /* Debug */,
				C082E0431B1EA0AC00B46F4E /* Release */,
			);
			defaultConfigurationIsVisible = 0;
		};
/* End XCConfigurationList section */
	};
	rootObject = C082E0131B1EA0AC00B46F4E /* Project object */;
}
