// !$*UTF8*$!
{
	archiveVersion = 1;
	classes = {
	};
	objectVersion = 46;
	objects = {

/* Begin PBXBuildFile section */
		C0BB6C601B30759200D4914F /* AppDelegate.swift in Sources */ = {isa = PBXBuildFile; fileRef = C0BB6C5F1B30759200D4914F /* AppDelegate.swift */; };
		C0BB6C621B30759200D4914F /* ViewController.swift in Sources */ = {isa = PBXBuildFile; fileRef = C0BB6C611B30759200D4914F /* ViewController.swift */; };
		C0BB6C651B30759200D4914F /* Main.storyboard in Resources */ = {isa = PBXBuildFile; fileRef = C0BB6C631B30759200D4914F /* Main.storyboard */; };
		C0BB6C671B30759200D4914F /* Images.xcassets in Resources */ = {isa = PBXBuildFile; fileRef = C0BB6C661B30759200D4914F /* Images.xcassets */; };
		C0BB6C6A1B30759200D4914F /* LaunchScreen.xib in Resources */ = {isa = PBXBuildFile; fileRef = C0BB6C681B30759200D4914F /* LaunchScreen.xib */; };
		C0BB6C761B30759200D4914F /* ReviewTests.swift in Sources */ = {isa = PBXBuildFile; fileRef = C0BB6C751B30759200D4914F /* ReviewTests.swift */; };
		C0BB6C801B30781200D4914F /* Login.storyboard in Resources */ = {isa = PBXBuildFile; fileRef = C0BB6C7F1B30781200D4914F /* Login.storyboard */; };
		C0BB6C821B307B8400D4914F /* Random.swift in Sources */ = {isa = PBXBuildFile; fileRef = C0BB6C811B307B8400D4914F /* Random.swift */; };
/* End PBXBuildFile section */

/* Begin PBXContainerItemProxy section */
		C0BB6C701B30759200D4914F /* PBXContainerItemProxy */ = {
			isa = PBXContainerItemProxy;
			containerPortal = C0BB6C521B30759200D4914F /* Project object */;
			proxyType = 1;
			remoteGlobalIDString = C0BB6C591B30759200D4914F;
			remoteInfo = Review;
		};
/* End PBXContainerItemProxy section */

/* Begin PBXFileReference section */
		C0BB6C5A1B30759200D4914F /* Review.app */ = {isa = PBXFileReference; explicitFileType = wrapper.application; includeInIndex = 0; path = Review.app; sourceTree = BUILT_PRODUCTS_DIR; };
		C0BB6C5E1B30759200D4914F /* Info.plist */ = {isa = PBXFileReference; lastKnownFileType = text.plist.xml; path = Info.plist; sourceTree = "<group>"; };
		C0BB6C5F1B30759200D4914F /* AppDelegate.swift */ = {isa = PBXFileReference; lastKnownFileType = sourcecode.swift; path = AppDelegate.swift; sourceTree = "<group>"; };
		C0BB6C611B30759200D4914F /* ViewController.swift */ = {isa = PBXFileReference; lastKnownFileType = sourcecode.swift; path = ViewController.swift; sourceTree = "<group>"; };
		C0BB6C641B30759200D4914F /* Base */ = {isa = PBXFileReference; lastKnownFileType = file.storyboard; name = Base; path = Base.lproj/Main.storyboard; sourceTree = "<group>"; };
		C0BB6C661B30759200D4914F /* Images.xcassets */ = {isa = PBXFileReference; lastKnownFileType = folder.assetcatalog; path = Images.xcassets; sourceTree = "<group>"; };
		C0BB6C691B30759200D4914F /* Base */ = {isa = PBXFileReference; lastKnownFileType = file.xib; name = Base; path = Base.lproj/LaunchScreen.xib; sourceTree = "<group>"; };
		C0BB6C6F1B30759200D4914F /* ReviewTests.xctest */ = {isa = PBXFileReference; explicitFileType = wrapper.cfbundle; includeInIndex = 0; path = ReviewTests.xctest; sourceTree = BUILT_PRODUCTS_DIR; };
		C0BB6C741B30759200D4914F /* Info.plist */ = {isa = PBXFileReference; lastKnownFileType = text.plist.xml; path = Info.plist; sourceTree = "<group>"; };
		C0BB6C751B30759200D4914F /* ReviewTests.swift */ = {isa = PBXFileReference; lastKnownFileType = sourcecode.swift; path = ReviewTests.swift; sourceTree = "<group>"; };
		C0BB6C7F1B30781200D4914F /* Login.storyboard */ = {isa = PBXFileReference; fileEncoding = 4; lastKnownFileType = file.storyboard; path = Login.storyboard; sourceTree = "<group>"; };
		C0BB6C811B307B8400D4914F /* Random.swift */ = {isa = PBXFileReference; fileEncoding = 4; lastKnownFileType = sourcecode.swift; path = Random.swift; sourceTree = "<group>"; };
		C0BB6C831B307D0000D4914F /* Playground.playground */ = {isa = PBXFileReference; lastKnownFileType = file.playground; path = Playground.playground; sourceTree = "<group>"; };
/* End PBXFileReference section */

/* Begin PBXFrameworksBuildPhase section */
		C0BB6C571B30759200D4914F /* Frameworks */ = {
			isa = PBXFrameworksBuildPhase;
			buildActionMask = 2147483647;
			files = (
			);
			runOnlyForDeploymentPostprocessing = 0;
		};
		C0BB6C6C1B30759200D4914F /* Frameworks */ = {
			isa = PBXFrameworksBuildPhase;
			buildActionMask = 2147483647;
			files = (
			);
			runOnlyForDeploymentPostprocessing = 0;
		};
/* End PBXFrameworksBuildPhase section */

/* Begin PBXGroup section */
		C0BB6C511B30759200D4914F = {
			isa = PBXGroup;
			children = (
				C0BB6C5C1B30759200D4914F /* Review */,
				C0BB6C721B30759200D4914F /* ReviewTests */,
				C0BB6C5B1B30759200D4914F /* Products */,
			);
			sourceTree = "<group>";
		};
		C0BB6C5B1B30759200D4914F /* Products */ = {
			isa = PBXGroup;
			children = (
				C0BB6C5A1B30759200D4914F /* Review.app */,
				C0BB6C6F1B30759200D4914F /* ReviewTests.xctest */,
			);
			name = Products;
			sourceTree = "<group>";
		};
		C0BB6C5C1B30759200D4914F /* Review */ = {
			isa = PBXGroup;
			children = (
				C0BB6C831B307D0000D4914F /* Playground.playground */,
				C0BB6C811B307B8400D4914F /* Random.swift */,
				C0BB6C611B30759200D4914F /* ViewController.swift */,
				C0BB6C631B30759200D4914F /* Main.storyboard */,
				C0BB6C7F1B30781200D4914F /* Login.storyboard */,
				C0BB6C5D1B30759200D4914F /* Supporting Files */,
			);
			path = Review;
			sourceTree = "<group>";
		};
		C0BB6C5D1B30759200D4914F /* Supporting Files */ = {
			isa = PBXGroup;
			children = (
				C0BB6C5F1B30759200D4914F /* AppDelegate.swift */,
				C0BB6C661B30759200D4914F /* Images.xcassets */,
				C0BB6C681B30759200D4914F /* LaunchScreen.xib */,
				C0BB6C5E1B30759200D4914F /* Info.plist */,
			);
			name = "Supporting Files";
			sourceTree = "<group>";
		};
		C0BB6C721B30759200D4914F /* ReviewTests */ = {
			isa = PBXGroup;
			children = (
				C0BB6C751B30759200D4914F /* ReviewTests.swift */,
				C0BB6C731B30759200D4914F /* Supporting Files */,
			);
			path = ReviewTests;
			sourceTree = "<group>";
		};
		C0BB6C731B30759200D4914F /* Supporting Files */ = {
			isa = PBXGroup;
			children = (
				C0BB6C741B30759200D4914F /* Info.plist */,
			);
			name = "Supporting Files";
			sourceTree = "<group>";
		};
/* End PBXGroup section */

/* Begin PBXNativeTarget section */
		C0BB6C591B30759200D4914F /* Review */ = {
			isa = PBXNativeTarget;
			buildConfigurationList = C0BB6C791B30759200D4914F /* Build configuration list for PBXNativeTarget "Review" */;
			buildPhases = (
				C0BB6C561B30759200D4914F /* Sources */,
				C0BB6C571B30759200D4914F /* Frameworks */,
				C0BB6C581B30759200D4914F /* Resources */,
			);
			buildRules = (
			);
			dependencies = (
			);
			name = Review;
			productName = Review;
			productReference = C0BB6C5A1B30759200D4914F /* Review.app */;
			productType = "com.apple.product-type.application";
		};
		C0BB6C6E1B30759200D4914F /* ReviewTests */ = {
			isa = PBXNativeTarget;
			buildConfigurationList = C0BB6C7C1B30759200D4914F /* Build configuration list for PBXNativeTarget "ReviewTests" */;
			buildPhases = (
				C0BB6C6B1B30759200D4914F /* Sources */,
				C0BB6C6C1B30759200D4914F /* Frameworks */,
				C0BB6C6D1B30759200D4914F /* Resources */,
			);
			buildRules = (
			);
			dependencies = (
				C0BB6C711B30759200D4914F /* PBXTargetDependency */,
			);
			name = ReviewTests;
			productName = ReviewTests;
			productReference = C0BB6C6F1B30759200D4914F /* ReviewTests.xctest */;
			productType = "com.apple.product-type.bundle.unit-test";
		};
/* End PBXNativeTarget section */

/* Begin PBXProject section */
		C0BB6C521B30759200D4914F /* Project object */ = {
			isa = PBXProject;
			attributes = {
				LastUpgradeCheck = 0630;
				ORGANIZATIONNAME = "Parker Kirby";
				TargetAttributes = {
					C0BB6C591B30759200D4914F = {
						CreatedOnToolsVersion = 6.3.2;
					};
					C0BB6C6E1B30759200D4914F = {
						CreatedOnToolsVersion = 6.3.2;
						TestTargetID = C0BB6C591B30759200D4914F;
					};
				};
			};
			buildConfigurationList = C0BB6C551B30759200D4914F /* Build configuration list for PBXProject "Review" */;
			compatibilityVersion = "Xcode 3.2";
			developmentRegion = English;
			hasScannedForEncodings = 0;
			knownRegions = (
				en,
				Base,
			);
			mainGroup = C0BB6C511B30759200D4914F;
			productRefGroup = C0BB6C5B1B30759200D4914F /* Products */;
			projectDirPath = "";
			projectRoot = "";
			targets = (
				C0BB6C591B30759200D4914F /* Review */,
				C0BB6C6E1B30759200D4914F /* ReviewTests */,
			);
		};
/* End PBXProject section */

/* Begin PBXResourcesBuildPhase section */
		C0BB6C581B30759200D4914F /* Resources */ = {
			isa = PBXResourcesBuildPhase;
			buildActionMask = 2147483647;
			files = (
				C0BB6C801B30781200D4914F /* Login.storyboard in Resources */,
				C0BB6C651B30759200D4914F /* Main.storyboard in Resources */,
				C0BB6C6A1B30759200D4914F /* LaunchScreen.xib in Resources */,
				C0BB6C671B30759200D4914F /* Images.xcassets in Resources */,
			);
			runOnlyForDeploymentPostprocessing = 0;
		};
		C0BB6C6D1B30759200D4914F /* Resources */ = {
			isa = PBXResourcesBuildPhase;
			buildActionMask = 2147483647;
			files = (
			);
			runOnlyForDeploymentPostprocessing = 0;
		};
/* End PBXResourcesBuildPhase section */

/* Begin PBXSourcesBuildPhase section */
		C0BB6C561B30759200D4914F /* Sources */ = {
			isa = PBXSourcesBuildPhase;
			buildActionMask = 2147483647;
			files = (
				C0BB6C621B30759200D4914F /* ViewController.swift in Sources */,
				C0BB6C601B30759200D4914F /* AppDelegate.swift in Sources */,
				C0BB6C821B307B8400D4914F /* Random.swift in Sources */,
			);
			runOnlyForDeploymentPostprocessing = 0;
		};
		C0BB6C6B1B30759200D4914F /* Sources */ = {
			isa = PBXSourcesBuildPhase;
			buildActionMask = 2147483647;
			files = (
				C0BB6C761B30759200D4914F /* ReviewTests.swift in Sources */,
			);
			runOnlyForDeploymentPostprocessing = 0;
		};
/* End PBXSourcesBuildPhase section */

/* Begin PBXTargetDependency section */
		C0BB6C711B30759200D4914F /* PBXTargetDependency */ = {
			isa = PBXTargetDependency;
			target = C0BB6C591B30759200D4914F /* Review */;
			targetProxy = C0BB6C701B30759200D4914F /* PBXContainerItemProxy */;
		};
/* End PBXTargetDependency section */

/* Begin PBXVariantGroup section */
		C0BB6C631B30759200D4914F /* Main.storyboard */ = {
			isa = PBXVariantGroup;
			children = (
				C0BB6C641B30759200D4914F /* Base */,
			);
			name = Main.storyboard;
			sourceTree = "<group>";
		};
		C0BB6C681B30759200D4914F /* LaunchScreen.xib */ = {
			isa = PBXVariantGroup;
			children = (
				C0BB6C691B30759200D4914F /* Base */,
			);
			name = LaunchScreen.xib;
			sourceTree = "<group>";
		};
/* End PBXVariantGroup section */

/* Begin XCBuildConfiguration section */
		C0BB6C771B30759200D4914F /* Debug */ = {
			isa = XCBuildConfiguration;
			buildSettings = {
				ALWAYS_SEARCH_USER_PATHS = NO;
				CLANG_CXX_LANGUAGE_STANDARD = "gnu++0x";
				CLANG_CXX_LIBRARY = "libc++";
				CLANG_ENABLE_MODULES = YES;
				CLANG_ENABLE_OBJC_ARC = YES;
				CLANG_WARN_BOOL_CONVERSION = YES;
				CLANG_WARN_CONSTANT_CONVERSION = YES;
				CLANG_WARN_DIRECT_OBJC_ISA_USAGE = YES_ERROR;
				CLANG_WARN_EMPTY_BODY = YES;
				CLANG_WARN_ENUM_CONVERSION = YES;
				CLANG_WARN_INT_CONVERSION = YES;
				CLANG_WARN_OBJC_ROOT_CLASS = YES_ERROR;
				CLANG_WARN_UNREACHABLE_CODE = YES;
				CLANG_WARN__DUPLICATE_METHOD_MATCH = YES;
				"CODE_SIGN_IDENTITY[sdk=iphoneos*]" = "iPhone Developer";
				COPY_PHASE_STRIP = NO;
				DEBUG_INFORMATION_FORMAT = "dwarf-with-dsym";
				ENABLE_STRICT_OBJC_MSGSEND = YES;
				GCC_C_LANGUAGE_STANDARD = gnu99;
				GCC_DYNAMIC_NO_PIC = NO;
				GCC_NO_COMMON_BLOCKS = YES;
				GCC_OPTIMIZATION_LEVEL = 0;
				GCC_PREPROCESSOR_DEFINITIONS = (
					"DEBUG=1",
					"$(inherited)",
				);
				GCC_SYMBOLS_PRIVATE_EXTERN = NO;
				GCC_WARN_64_TO_32_BIT_CONVERSION = YES;
				GCC_WARN_ABOUT_RETURN_TYPE = YES_ERROR;
				GCC_WARN_UNDECLARED_SELECTOR = YES;
				GCC_WARN_UNINITIALIZED_AUTOS = YES_AGGRESSIVE;
				GCC_WARN_UNUSED_FUNCTION = YES;
				GCC_WARN_UNUSED_VARIABLE = YES;
				IPHONEOS_DEPLOYMENT_TARGET = 8.3;
				MTL_ENABLE_DEBUG_INFO = YES;
				ONLY_ACTIVE_ARCH = YES;
				SDKROOT = iphoneos;
				SWIFT_OPTIMIZATION_LEVEL = "-Onone";
			};
			name = Debug;
		};
		C0BB6C781B30759200D4914F /* Release */ = {
			isa = XCBuildConfiguration;
			buildSettings = {
				ALWAYS_SEARCH_USER_PATHS = NO;
				CLANG_CXX_LANGUAGE_STANDARD = "gnu++0x";
				CLANG_CXX_LIBRARY = "libc++";
				CLANG_ENABLE_MODULES = YES;
				CLANG_ENABLE_OBJC_ARC = YES;
				CLANG_WARN_BOOL_CONVERSION = YES;
				CLANG_WARN_CONSTANT_CONVERSION = YES;
				CLANG_WARN_DIRECT_OBJC_ISA_USAGE = YES_ERROR;
				CLANG_WARN_EMPTY_BODY = YES;
				CLANG_WARN_ENUM_CONVERSION = YES;
				CLANG_WARN_INT_CONVERSION = YES;
				CLANG_WARN_OBJC_ROOT_CLASS = YES_ERROR;
				CLANG_WARN_UNREACHABLE_CODE = YES;
				CLANG_WARN__DUPLICATE_METHOD_MATCH = YES;
				"CODE_SIGN_IDENTITY[sdk=iphoneos*]" = "iPhone Developer";
				COPY_PHASE_STRIP = NO;
				DEBUG_INFORMATION_FORMAT = "dwarf-with-dsym";
				ENABLE_NS_ASSERTIONS = NO;
				ENABLE_STRICT_OBJC_MSGSEND = YES;
				GCC_C_LANGUAGE_STANDARD = gnu99;
				GCC_NO_COMMON_BLOCKS = YES;
				GCC_WARN_64_TO_32_BIT_CONVERSION = YES;
				GCC_WARN_ABOUT_RETURN_TYPE = YES_ERROR;
				GCC_WARN_UNDECLARED_SELECTOR = YES;
				GCC_WARN_UNINITIALIZED_AUTOS = YES_AGGRESSIVE;
				GCC_WARN_UNUSED_FUNCTION = YES;
				GCC_WARN_UNUSED_VARIABLE = YES;
				IPHONEOS_DEPLOYMENT_TARGET = 8.3;
				MTL_ENABLE_DEBUG_INFO = NO;
				SDKROOT = iphoneos;
				VALIDATE_PRODUCT = YES;
			};
			name = Release;
		};
		C0BB6C7A1B30759200D4914F /* Debug */ = {
			isa = XCBuildConfiguration;
			buildSettings = {
				ASSETCATALOG_COMPILER_APPICON_NAME = AppIcon;
				INFOPLIST_FILE = Review/Info.plist;
				LD_RUNPATH_SEARCH_PATHS = "$(inherited) @executable_path/Frameworks";
				PRODUCT_NAME = "$(TARGET_NAME)";
			};
			name = Debug;
		};
		C0BB6C7B1B30759200D4914F /* Release */ = {
			isa = XCBuildConfiguration;
			buildSettings = {
				ASSETCATALOG_COMPILER_APPICON_NAME = AppIcon;
				INFOPLIST_FILE = Review/Info.plist;
				LD_RUNPATH_SEARCH_PATHS = "$(inherited) @executable_path/Frameworks";
				PRODUCT_NAME = "$(TARGET_NAME)";
			};
			name = Release;
		};
		C0BB6C7D1B30759200D4914F /* Debug */ = {
			isa = XCBuildConfiguration;
			buildSettings = {
				BUNDLE_LOADER = "$(TEST_HOST)";
				FRAMEWORK_SEARCH_PATHS = (
					"$(SDKROOT)/Developer/Library/Frameworks",
					"$(inherited)",
				);
				GCC_PREPROCESSOR_DEFINITIONS = (
					"DEBUG=1",
					"$(inherited)",
				);
				INFOPLIST_FILE = ReviewTests/Info.plist;
				LD_RUNPATH_SEARCH_PATHS = "$(inherited) @executable_path/Frameworks @loader_path/Frameworks";
				PRODUCT_NAME = "$(TARGET_NAME)";
				TEST_HOST = "$(BUILT_PRODUCTS_DIR)/Review.app/Review";
			};
			name = Debug;
		};
		C0BB6C7E1B30759200D4914F /* Release */ = {
			isa = XCBuildConfiguration;
			buildSettings = {
				BUNDLE_LOADER = "$(TEST_HOST)";
				FRAMEWORK_SEARCH_PATHS = (
					"$(SDKROOT)/Developer/Library/Frameworks",
					"$(inherited)",
				);
				INFOPLIST_FILE = ReviewTests/Info.plist;
				LD_RUNPATH_SEARCH_PATHS = "$(inherited) @executable_path/Frameworks @loader_path/Frameworks";
				PRODUCT_NAME = "$(TARGET_NAME)";
				TEST_HOST = "$(BUILT_PRODUCTS_DIR)/Review.app/Review";
			};
			name = Release;
		};
/* End XCBuildConfiguration section */

/* Begin XCConfigurationList section */
		C0BB6C551B30759200D4914F /* Build configuration list for PBXProject "Review" */ = {
			isa = XCConfigurationList;
			buildConfigurations = (
				C0BB6C771B30759200D4914F /* Debug */,
				C0BB6C781B30759200D4914F /* Release */,
			);
			defaultConfigurationIsVisible = 0;
			defaultConfigurationName = Release;
		};
		C0BB6C791B30759200D4914F /* Build configuration list for PBXNativeTarget "Review" */ = {
			isa = XCConfigurationList;
			buildConfigurations = (
				C0BB6C7A1B30759200D4914F /* Debug */,
				C0BB6C7B1B30759200D4914F /* Release */,
			);
			defaultConfigurationIsVisible = 0;
		};
		C0BB6C7C1B30759200D4914F /* Build configuration list for PBXNativeTarget "ReviewTests" */ = {
			isa = XCConfigurationList;
			buildConfigurations = (
				C0BB6C7D1B30759200D4914F /* Debug */,
				C0BB6C7E1B30759200D4914F /* Release */,
			);
			defaultConfigurationIsVisible = 0;
		};
/* End XCConfigurationList section */
	};
	rootObject = C0BB6C521B30759200D4914F /* Project object */;
}
