// !$*UTF8*$!
{
	archiveVersion = 1;
	classes = {
	};
	objectVersion = 46;
	objects = {

/* Begin PBXBuildFile section */
		C058DB221AFBAC8E00D1F09D /* AppDelegate.swift in Sources */ = {isa = PBXBuildFile; fileRef = C058DB211AFBAC8E00D1F09D /* AppDelegate.swift */; };
		C058DB241AFBAC8E00D1F09D /* ViewController.swift in Sources */ = {isa = PBXBuildFile; fileRef = C058DB231AFBAC8E00D1F09D /* ViewController.swift */; };
		C058DB291AFBAC8E00D1F09D /* Images.xcassets in Resources */ = {isa = PBXBuildFile; fileRef = C058DB281AFBAC8E00D1F09D /* Images.xcassets */; };
		C058DB2C1AFBAC8E00D1F09D /* LaunchScreen.xib in Resources */ = {isa = PBXBuildFile; fileRef = C058DB2A1AFBAC8E00D1F09D /* LaunchScreen.xib */; };
		C058DB381AFBAC8E00D1F09D /* FromScratchTests.swift in Sources */ = {isa = PBXBuildFile; fileRef = C058DB371AFBAC8E00D1F09D /* FromScratchTests.swift */; };
		C058DB441AFBEC4000D1F09D /* BackHack.swift in Sources */ = {isa = PBXBuildFile; fileRef = C058DB431AFBEC4000D1F09D /* BackHack.swift */; };
/* End PBXBuildFile section */

/* Begin PBXContainerItemProxy section */
		C058DB321AFBAC8E00D1F09D /* PBXContainerItemProxy */ = {
			isa = PBXContainerItemProxy;
			containerPortal = C058DB141AFBAC8E00D1F09D /* Project object */;
			proxyType = 1;
			remoteGlobalIDString = C058DB1B1AFBAC8E00D1F09D;
			remoteInfo = FromScratch;
		};
/* End PBXContainerItemProxy section */

/* Begin PBXFileReference section */
		C058DB1C1AFBAC8E00D1F09D /* FromScratch.app */ = {isa = PBXFileReference; explicitFileType = wrapper.application; includeInIndex = 0; path = FromScratch.app; sourceTree = BUILT_PRODUCTS_DIR; };
		C058DB201AFBAC8E00D1F09D /* Info.plist */ = {isa = PBXFileReference; lastKnownFileType = text.plist.xml; path = Info.plist; sourceTree = "<group>"; };
		C058DB211AFBAC8E00D1F09D /* AppDelegate.swift */ = {isa = PBXFileReference; lastKnownFileType = sourcecode.swift; path = AppDelegate.swift; sourceTree = "<group>"; };
		C058DB231AFBAC8E00D1F09D /* ViewController.swift */ = {isa = PBXFileReference; lastKnownFileType = sourcecode.swift; path = ViewController.swift; sourceTree = "<group>"; };
		C058DB281AFBAC8E00D1F09D /* Images.xcassets */ = {isa = PBXFileReference; lastKnownFileType = folder.assetcatalog; path = Images.xcassets; sourceTree = "<group>"; };
		C058DB2B1AFBAC8E00D1F09D /* Base */ = {isa = PBXFileReference; lastKnownFileType = file.xib; name = Base; path = Base.lproj/LaunchScreen.xib; sourceTree = "<group>"; };
		C058DB311AFBAC8E00D1F09D /* FromScratchTests.xctest */ = {isa = PBXFileReference; explicitFileType = wrapper.cfbundle; includeInIndex = 0; path = FromScratchTests.xctest; sourceTree = BUILT_PRODUCTS_DIR; };
		C058DB361AFBAC8E00D1F09D /* Info.plist */ = {isa = PBXFileReference; lastKnownFileType = text.plist.xml; path = Info.plist; sourceTree = "<group>"; };
		C058DB371AFBAC8E00D1F09D /* FromScratchTests.swift */ = {isa = PBXFileReference; lastKnownFileType = sourcecode.swift; path = FromScratchTests.swift; sourceTree = "<group>"; };
		C058DB431AFBEC4000D1F09D /* BackHack.swift */ = {isa = PBXFileReference; fileEncoding = 4; lastKnownFileType = sourcecode.swift; path = BackHack.swift; sourceTree = "<group>"; };
/* End PBXFileReference section */

/* Begin PBXFrameworksBuildPhase section */
		C058DB191AFBAC8E00D1F09D /* Frameworks */ = {
			isa = PBXFrameworksBuildPhase;
			buildActionMask = 2147483647;
			files = (
			);
			runOnlyForDeploymentPostprocessing = 0;
		};
		C058DB2E1AFBAC8E00D1F09D /* Frameworks */ = {
			isa = PBXFrameworksBuildPhase;
			buildActionMask = 2147483647;
			files = (
			);
			runOnlyForDeploymentPostprocessing = 0;
		};
/* End PBXFrameworksBuildPhase section */

/* Begin PBXGroup section */
		C058DB131AFBAC8E00D1F09D = {
			isa = PBXGroup;
			children = (
				C058DB1E1AFBAC8E00D1F09D /* FromScratch */,
				C058DB341AFBAC8E00D1F09D /* FromScratchTests */,
				C058DB1D1AFBAC8E00D1F09D /* Products */,
			);
			sourceTree = "<group>";
		};
		C058DB1D1AFBAC8E00D1F09D /* Products */ = {
			isa = PBXGroup;
			children = (
				C058DB1C1AFBAC8E00D1F09D /* FromScratch.app */,
				C058DB311AFBAC8E00D1F09D /* FromScratchTests.xctest */,
			);
			name = Products;
			sourceTree = "<group>";
		};
		C058DB1E1AFBAC8E00D1F09D /* FromScratch */ = {
			isa = PBXGroup;
			children = (
				C058DB231AFBAC8E00D1F09D /* ViewController.swift */,
				C058DB431AFBEC4000D1F09D /* BackHack.swift */,
				C058DB1F1AFBAC8E00D1F09D /* Supporting Files */,
			);
			path = FromScratch;
			sourceTree = "<group>";
		};
		C058DB1F1AFBAC8E00D1F09D /* Supporting Files */ = {
			isa = PBXGroup;
			children = (
				C058DB211AFBAC8E00D1F09D /* AppDelegate.swift */,
				C058DB281AFBAC8E00D1F09D /* Images.xcassets */,
				C058DB2A1AFBAC8E00D1F09D /* LaunchScreen.xib */,
				C058DB201AFBAC8E00D1F09D /* Info.plist */,
			);
			name = "Supporting Files";
			sourceTree = "<group>";
		};
		C058DB341AFBAC8E00D1F09D /* FromScratchTests */ = {
			isa = PBXGroup;
			children = (
				C058DB371AFBAC8E00D1F09D /* FromScratchTests.swift */,
				C058DB351AFBAC8E00D1F09D /* Supporting Files */,
			);
			path = FromScratchTests;
			sourceTree = "<group>";
		};
		C058DB351AFBAC8E00D1F09D /* Supporting Files */ = {
			isa = PBXGroup;
			children = (
				C058DB361AFBAC8E00D1F09D /* Info.plist */,
			);
			name = "Supporting Files";
			sourceTree = "<group>";
		};
/* End PBXGroup section */

/* Begin PBXNativeTarget section */
		C058DB1B1AFBAC8E00D1F09D /* FromScratch */ = {
			isa = PBXNativeTarget;
			buildConfigurationList = C058DB3B1AFBAC8E00D1F09D /* Build configuration list for PBXNativeTarget "FromScratch" */;
			buildPhases = (
				C058DB181AFBAC8E00D1F09D /* Sources */,
				C058DB191AFBAC8E00D1F09D /* Frameworks */,
				C058DB1A1AFBAC8E00D1F09D /* Resources */,
			);
			buildRules = (
			);
			dependencies = (
			);
			name = FromScratch;
			productName = FromScratch;
			productReference = C058DB1C1AFBAC8E00D1F09D /* FromScratch.app */;
			productType = "com.apple.product-type.application";
		};
		C058DB301AFBAC8E00D1F09D /* FromScratchTests */ = {
			isa = PBXNativeTarget;
			buildConfigurationList = C058DB3E1AFBAC8E00D1F09D /* Build configuration list for PBXNativeTarget "FromScratchTests" */;
			buildPhases = (
				C058DB2D1AFBAC8E00D1F09D /* Sources */,
				C058DB2E1AFBAC8E00D1F09D /* Frameworks */,
				C058DB2F1AFBAC8E00D1F09D /* Resources */,
			);
			buildRules = (
			);
			dependencies = (
				C058DB331AFBAC8E00D1F09D /* PBXTargetDependency */,
			);
			name = FromScratchTests;
			productName = FromScratchTests;
			productReference = C058DB311AFBAC8E00D1F09D /* FromScratchTests.xctest */;
			productType = "com.apple.product-type.bundle.unit-test";
		};
/* End PBXNativeTarget section */

/* Begin PBXProject section */
		C058DB141AFBAC8E00D1F09D /* Project object */ = {
			isa = PBXProject;
			attributes = {
				LastUpgradeCheck = 0630;
				ORGANIZATIONNAME = "Parker Kirby";
				TargetAttributes = {
					C058DB1B1AFBAC8E00D1F09D = {
						CreatedOnToolsVersion = 6.3.1;
					};
					C058DB301AFBAC8E00D1F09D = {
						CreatedOnToolsVersion = 6.3.1;
						TestTargetID = C058DB1B1AFBAC8E00D1F09D;
					};
				};
			};
			buildConfigurationList = C058DB171AFBAC8E00D1F09D /* Build configuration list for PBXProject "FromScratch" */;
			compatibilityVersion = "Xcode 3.2";
			developmentRegion = English;
			hasScannedForEncodings = 0;
			knownRegions = (
				en,
				Base,
			);
			mainGroup = C058DB131AFBAC8E00D1F09D;
			productRefGroup = C058DB1D1AFBAC8E00D1F09D /* Products */;
			projectDirPath = "";
			projectRoot = "";
			targets = (
				C058DB1B1AFBAC8E00D1F09D /* FromScratch */,
				C058DB301AFBAC8E00D1F09D /* FromScratchTests */,
			);
		};
/* End PBXProject section */

/* Begin PBXResourcesBuildPhase section */
		C058DB1A1AFBAC8E00D1F09D /* Resources */ = {
			isa = PBXResourcesBuildPhase;
			buildActionMask = 2147483647;
			files = (
				C058DB2C1AFBAC8E00D1F09D /* LaunchScreen.xib in Resources */,
				C058DB291AFBAC8E00D1F09D /* Images.xcassets in Resources */,
			);
			runOnlyForDeploymentPostprocessing = 0;
		};
		C058DB2F1AFBAC8E00D1F09D /* Resources */ = {
			isa = PBXResourcesBuildPhase;
			buildActionMask = 2147483647;
			files = (
			);
			runOnlyForDeploymentPostprocessing = 0;
		};
/* End PBXResourcesBuildPhase section */

/* Begin PBXSourcesBuildPhase section */
		C058DB181AFBAC8E00D1F09D /* Sources */ = {
			isa = PBXSourcesBuildPhase;
			buildActionMask = 2147483647;
			files = (
				C058DB241AFBAC8E00D1F09D /* ViewController.swift in Sources */,
				C058DB441AFBEC4000D1F09D /* BackHack.swift in Sources */,
				C058DB221AFBAC8E00D1F09D /* AppDelegate.swift in Sources */,
			);
			runOnlyForDeploymentPostprocessing = 0;
		};
		C058DB2D1AFBAC8E00D1F09D /* Sources */ = {
			isa = PBXSourcesBuildPhase;
			buildActionMask = 2147483647;
			files = (
				C058DB381AFBAC8E00D1F09D /* FromScratchTests.swift in Sources */,
			);
			runOnlyForDeploymentPostprocessing = 0;
		};
/* End PBXSourcesBuildPhase section */

/* Begin PBXTargetDependency section */
		C058DB331AFBAC8E00D1F09D /* PBXTargetDependency */ = {
			isa = PBXTargetDependency;
			target = C058DB1B1AFBAC8E00D1F09D /* FromScratch */;
			targetProxy = C058DB321AFBAC8E00D1F09D /* PBXContainerItemProxy */;
		};
/* End PBXTargetDependency section */

/* Begin PBXVariantGroup section */
		C058DB2A1AFBAC8E00D1F09D /* LaunchScreen.xib */ = {
			isa = PBXVariantGroup;
			children = (
				C058DB2B1AFBAC8E00D1F09D /* Base */,
			);
			name = LaunchScreen.xib;
			sourceTree = "<group>";
		};
/* End PBXVariantGroup section */

/* Begin XCBuildConfiguration section */
		C058DB391AFBAC8E00D1F09D /* Debug */ = {
			isa = XCBuildConfiguration;
			buildSettings = {
				ALWAYS_SEARCH_USER_PATHS = NO;
				CLANG_CXX_LANGUAGE_STANDARD = "gnu++0x";
				CLANG_CXX_LIBRARY = "libc++";
				CLANG_ENABLE_MODULES = YES;
				CLANG_ENABLE_OBJC_ARC = YES;
				CLANG_WARN_BOOL_CONVERSION = YES;
				CLANG_WARN_CONSTANT_CONVERSION = YES;
				CLANG_WARN_DIRECT_OBJC_ISA_USAGE = YES_ERROR;
				CLANG_WARN_EMPTY_BODY = YES;
				CLANG_WARN_ENUM_CONVERSION = YES;
				CLANG_WARN_INT_CONVERSION = YES;
				CLANG_WARN_OBJC_ROOT_CLASS = YES_ERROR;
				CLANG_WARN_UNREACHABLE_CODE = YES;
				CLANG_WARN__DUPLICATE_METHOD_MATCH = YES;
				"CODE_SIGN_IDENTITY[sdk=iphoneos*]" = "iPhone Developer";
				COPY_PHASE_STRIP = NO;
				DEBUG_INFORMATION_FORMAT = "dwarf-with-dsym";
				ENABLE_STRICT_OBJC_MSGSEND = YES;
				GCC_C_LANGUAGE_STANDARD = gnu99;
				GCC_DYNAMIC_NO_PIC = NO;
				GCC_NO_COMMON_BLOCKS = YES;
				GCC_OPTIMIZATION_LEVEL = 0;
				GCC_PREPROCESSOR_DEFINITIONS = (
					"DEBUG=1",
					"$(inherited)",
				);
				GCC_SYMBOLS_PRIVATE_EXTERN = NO;
				GCC_WARN_64_TO_32_BIT_CONVERSION = YES;
				GCC_WARN_ABOUT_RETURN_TYPE = YES_ERROR;
				GCC_WARN_UNDECLARED_SELECTOR = YES;
				GCC_WARN_UNINITIALIZED_AUTOS = YES_AGGRESSIVE;
				GCC_WARN_UNUSED_FUNCTION = YES;
				GCC_WARN_UNUSED_VARIABLE = YES;
				IPHONEOS_DEPLOYMENT_TARGET = 8.3;
				MTL_ENABLE_DEBUG_INFO = YES;
				ONLY_ACTIVE_ARCH = YES;
				SDKROOT = iphoneos;
				SWIFT_OPTIMIZATION_LEVEL = "-Onone";
			};
			name = Debug;
		};
		C058DB3A1AFBAC8E00D1F09D /* Release */ = {
			isa = XCBuildConfiguration;
			buildSettings = {
				ALWAYS_SEARCH_USER_PATHS = NO;
				CLANG_CXX_LANGUAGE_STANDARD = "gnu++0x";
				CLANG_CXX_LIBRARY = "libc++";
				CLANG_ENABLE_MODULES = YES;
				CLANG_ENABLE_OBJC_ARC = YES;
				CLANG_WARN_BOOL_CONVERSION = YES;
				CLANG_WARN_CONSTANT_CONVERSION = YES;
				CLANG_WARN_DIRECT_OBJC_ISA_USAGE = YES_ERROR;
				CLANG_WARN_EMPTY_BODY = YES;
				CLANG_WARN_ENUM_CONVERSION = YES;
				CLANG_WARN_INT_CONVERSION = YES;
				CLANG_WARN_OBJC_ROOT_CLASS = YES_ERROR;
				CLANG_WARN_UNREACHABLE_CODE = YES;
				CLANG_WARN__DUPLICATE_METHOD_MATCH = YES;
				"CODE_SIGN_IDENTITY[sdk=iphoneos*]" = "iPhone Developer";
				COPY_PHASE_STRIP = NO;
				DEBUG_INFORMATION_FORMAT = "dwarf-with-dsym";
				ENABLE_NS_ASSERTIONS = NO;
				ENABLE_STRICT_OBJC_MSGSEND = YES;
				GCC_C_LANGUAGE_STANDARD = gnu99;
				GCC_NO_COMMON_BLOCKS = YES;
				GCC_WARN_64_TO_32_BIT_CONVERSION = YES;
				GCC_WARN_ABOUT_RETURN_TYPE = YES_ERROR;
				GCC_WARN_UNDECLARED_SELECTOR = YES;
				GCC_WARN_UNINITIALIZED_AUTOS = YES_AGGRESSIVE;
				GCC_WARN_UNUSED_FUNCTION = YES;
				GCC_WARN_UNUSED_VARIABLE = YES;
				IPHONEOS_DEPLOYMENT_TARGET = 8.3;
				MTL_ENABLE_DEBUG_INFO = NO;
				SDKROOT = iphoneos;
				VALIDATE_PRODUCT = YES;
			};
			name = Release;
		};
		C058DB3C1AFBAC8E00D1F09D /* Debug */ = {
			isa = XCBuildConfiguration;
			buildSettings = {
				ASSETCATALOG_COMPILER_APPICON_NAME = AppIcon;
				INFOPLIST_FILE = FromScratch/Info.plist;
				LD_RUNPATH_SEARCH_PATHS = "$(inherited) @executable_path/Frameworks";
				PRODUCT_NAME = "$(TARGET_NAME)";
			};
			name = Debug;
		};
		C058DB3D1AFBAC8E00D1F09D /* Release */ = {
			isa = XCBuildConfiguration;
			buildSettings = {
				ASSETCATALOG_COMPILER_APPICON_NAME = AppIcon;
				INFOPLIST_FILE = FromScratch/Info.plist;
				LD_RUNPATH_SEARCH_PATHS = "$(inherited) @executable_path/Frameworks";
				PRODUCT_NAME = "$(TARGET_NAME)";
			};
			name = Release;
		};
		C058DB3F1AFBAC8E00D1F09D /* Debug */ = {
			isa = XCBuildConfiguration;
			buildSettings = {
				BUNDLE_LOADER = "$(TEST_HOST)";
				FRAMEWORK_SEARCH_PATHS = (
					"$(SDKROOT)/Developer/Library/Frameworks",
					"$(inherited)",
				);
				GCC_PREPROCESSOR_DEFINITIONS = (
					"DEBUG=1",
					"$(inherited)",
				);
				INFOPLIST_FILE = FromScratchTests/Info.plist;
				LD_RUNPATH_SEARCH_PATHS = "$(inherited) @executable_path/Frameworks @loader_path/Frameworks";
				PRODUCT_NAME = "$(TARGET_NAME)";
				TEST_HOST = "$(BUILT_PRODUCTS_DIR)/FromScratch.app/FromScratch";
			};
			name = Debug;
		};
		C058DB401AFBAC8E00D1F09D /* Release */ = {
			isa = XCBuildConfiguration;
			buildSettings = {
				BUNDLE_LOADER = "$(TEST_HOST)";
				FRAMEWORK_SEARCH_PATHS = (
					"$(SDKROOT)/Developer/Library/Frameworks",
					"$(inherited)",
				);
				INFOPLIST_FILE = FromScratchTests/Info.plist;
				LD_RUNPATH_SEARCH_PATHS = "$(inherited) @executable_path/Frameworks @loader_path/Frameworks";
				PRODUCT_NAME = "$(TARGET_NAME)";
				TEST_HOST = "$(BUILT_PRODUCTS_DIR)/FromScratch.app/FromScratch";
			};
			name = Release;
		};
/* End XCBuildConfiguration section */

/* Begin XCConfigurationList section */
		C058DB171AFBAC8E00D1F09D /* Build configuration list for PBXProject "FromScratch" */ = {
			isa = XCConfigurationList;
			buildConfigurations = (
				C058DB391AFBAC8E00D1F09D /* Debug */,
				C058DB3A1AFBAC8E00D1F09D /* Release */,
			);
			defaultConfigurationIsVisible = 0;
			defaultConfigurationName = Release;
		};
		C058DB3B1AFBAC8E00D1F09D /* Build configuration list for PBXNativeTarget "FromScratch" */ = {
			isa = XCConfigurationList;
			buildConfigurations = (
				C058DB3C1AFBAC8E00D1F09D /* Debug */,
				C058DB3D1AFBAC8E00D1F09D /* Release */,
			);
			defaultConfigurationIsVisible = 0;
		};
		C058DB3E1AFBAC8E00D1F09D /* Build configuration list for PBXNativeTarget "FromScratchTests" */ = {
			isa = XCConfigurationList;
			buildConfigurations = (
				C058DB3F1AFBAC8E00D1F09D /* Debug */,
				C058DB401AFBAC8E00D1F09D /* Release */,
			);
			defaultConfigurationIsVisible = 0;
		};
/* End XCConfigurationList section */
	};
	rootObject = C058DB141AFBAC8E00D1F09D /* Project object */;
}
